
Microsoft Visual Studio Solution File, Format Version 12.00
# Visual Studio 2013
VisualStudioVersion = 12.0.31101.0
MinimumVisualStudioVersion = 10.0.40219.1
Project("{8BC9CEB8-8B4A-11D0-8D11-00A0C91BC942}") = "ColorButtonTest", "ColorButtonTest\ColorButtonTest.vcxproj", "{50FD480D-2AE4-4EE8-883B-412D08ADE2A3}"
EndProject
Global
	GlobalSection(SolutionConfigurationPlatforms) = preSolution
		Debug|Win32 = Debug|Win32
		Release|Win32 = Release|Win32
	EndGlobalSection
	GlobalSection(ProjectConfigurationPlatforms) = postSolution
		{50FD480D-2AE4-4EE8-883B-412D08ADE2A3}.Debug|Win32.ActiveCfg = Debug|Win32
		{50FD480D-2AE4-4EE8-883B-412D08ADE2A3}.Debug|Win32.Build.0 = Debug|Win32
		{50FD480D-2AE4-4EE8-883B-412D08ADE2A3}.Release|Win32.ActiveCfg = Release|Win32
		{50FD480D-2AE4-4EE8-883B-412D08ADE2A3}.Release|Win32.Build.0 = Release|Win32
	EndGlobalSection
	GlobalSection(SolutionProperties) = preSolution
		HideSolutionNode = FALSE
	EndGlobalSection
EndGlobal
